
Microsoft Visual Studio Solution File, Format Version 12.00
# Visual Studio Version 16
VisualStudioVersion = 16.0.30104.148
MinimumVisualStudioVersion = 10.0.40219.1
Project("{FAE04EC0-301F-11D3-BF4B-00C04F79EFBC}") = "Gartenausgaben", "Gartenausgaben\Gartenausgaben.csproj", "{D5358874-1D54-460E-A40E-8AF3F0009419}"
EndProject
Global
	GlobalSection(SolutionConfigurationPlatforms) = preSolution
		Debug|Any CPU = Debug|Any CPU
		Release|Any CPU = Release|Any CPU
	EndGlobalSection
	GlobalSection(ProjectConfigurationPlatforms) = postSolution
		{D5358874-1D54-460E-A40E-8AF3F0009419}.Debug|Any CPU.ActiveCfg = Debug|Any CPU
		{D5358874-1D54-460E-A40E-8AF3F0009419}.Debug|Any CPU.Build.0 = Debug|Any CPU
		{D5358874-1D54-460E-A40E-8AF3F0009419}.Release|Any CPU.ActiveCfg = Release|Any CPU
		{D5358874-1D54-460E-A40E-8AF3F0009419}.Release|Any CPU.Build.0 = Release|Any CPU
	EndGlobalSection
	GlobalSection(SolutionProperties) = preSolution
		HideSolutionNode = FALSE
	EndGlobalSection
	GlobalSection(ExtensibilityGlobals) = postSolution
		SolutionGuid = {BBE7063E-05E8-436E-8767-79210354BB5C}
	EndGlobalSection
EndGlobal
